# This file was autogenerated by Stack.
# You should not edit this file by hand.
# For more information, please see the documentation at:
#   https://docs.haskellstack.org/en/stable/lock_files

packages:
- completed:
    hackage: optics-core-0.2@sha256:cfdf39871553769b59fcc54863a3521d262ea25d8d05d0f41ab87296c560cfa6,4392
    pantry-tree:
      size: 4818
      sha256: 77521681ab5e6fd84a31b7cf9c5f51233141eecd7b9545a1c9eef6b1015776bc
  original:
    hackage: optics-core-0.2
- completed:
    hackage: optics-th-0.2@sha256:b4f6c5a3f134c697837190ed6da969dd284aefe79e43c3ef793093b607bb83b9,1929
    pantry-tree:
      size: 653
      sha256: f6b5caed956d3761b35769ac518d3f0f407449dafe33154992386f02d9489bad
  original:
    hackage: optics-th-0.2
- completed:
    hackage: indexed-profunctors-0.1@sha256:ddf618d0d4c58319c1e735e746bc69a1021f13b6f475dc9614b80af03432e6d4,1016
    pantry-tree:
      size: 235
      sha256: cfd66c0a53be1b45eae72df112ea1158614458bb7b1c9cbbe3410b04ab011ec6
  original:
    hackage: indexed-profunctors-0.1
- completed:
    hackage: gi-gtk-declarative-0.6.0@sha256:e237751dccb85367891b4238d0a0f9463a1851c658e7da2282e3b11571445a04,3965
    pantry-tree:
      size: 1995
      sha256: 6c3d37f4140fe896239859c436b4b505af6726ae3c0879fb88cdf37154a58978
  original:
    hackage: gi-gtk-declarative-0.6.0
- completed:
    hackage: gi-gtk-declarative-app-simple-0.6.0@sha256:96bbc8a584fcfc183b099c3393e7f81b78c35d7b9e79b2eae340fa2202f59bf7,1818
    pantry-tree:
      size: 257
      sha256: ec34806d2401cae3476301b02d549328edc101cf38ddd4c0171e287e08e50608
  original:
    hackage: gi-gtk-declarative-app-simple-0.6.0
snapshots:
- completed:
    size: 524104
    url: https://raw.githubusercontent.com/commercialhaskell/stackage-snapshots/master/lts/14/5.yaml
    sha256: 3c146eebc1b383211ea49d5422fb3d63d699da12307b4bc989107300eb579d60
  original: lts-14.5
