# This file was autogenerated by Stack.
# You should not edit this file by hand.
# For more information, please see the documentation at:
#   https://docs.haskellstack.org/en/stable/lock_files

packages:
- completed:
    hackage: optics-core-0.2@sha256:cfdf39871553769b59fcc54863a3521d262ea25d8d05d0f41ab87296c560cfa6,4392
    pantry-tree:
      size: 4818
      sha256: 77521681ab5e6fd84a31b7cf9c5f51233141eecd7b9545a1c9eef6b1015776bc
  original:
    hackage: optics-core-0.2
- completed:
    hackage: optics-th-0.2@sha256:b4f6c5a3f134c697837190ed6da969dd284aefe79e43c3ef793093b607bb83b9,1929
    pantry-tree:
      size: 653
      sha256: f6b5caed956d3761b35769ac518d3f0f407449dafe33154992386f02d9489bad
  original:
    hackage: optics-th-0.2
- completed:
    hackage: indexed-profunctors-0.1@sha256:ddf618d0d4c58319c1e735e746bc69a1021f13b6f475dc9614b80af03432e6d4,1016
    pantry-tree:
      size: 235
      sha256: cfd66c0a53be1b45eae72df112ea1158614458bb7b1c9cbbe3410b04ab011ec6
  original:
    hackage: indexed-profunctors-0.1
- completed:
    hackage: o-clock-1.1.0@sha256:941ac2bc1732e6622b165831c4badb1a8e846f451620bd028064339f5b284224,5043
    pantry-tree:
      size: 1043
      sha256: 177f9923edf9494c6a1bb1c02bbf38e6bd3675e2245effaeaa9a7f76c893d7a6
  original:
    hackage: o-clock-1.1.0
- completed:
    hackage: gi-gtk-declarative-0.6.3@sha256:8db2e8a9fa20673406e4500e5040d4384eb76e362d45ffe69116575ae03ff1e3,4411
    pantry-tree:
      size: 2393
      sha256: 5871aca72517a320f9ab3b7b122daa156dc18467a1b9d65fd2b2c45ec675ed09
  original:
    hackage: gi-gtk-declarative-0.6.3@sha256:8db2e8a9fa20673406e4500e5040d4384eb76e362d45ffe69116575ae03ff1e3,4411
- completed:
    hackage: gi-gtk-declarative-app-simple-0.6.3@sha256:2b201371acd292ef8d980be02809787293f7c30e505c84910b57e307af999cc9,1818
    pantry-tree:
      size: 257
      sha256: a0d8f5953711f24c26237be319ddd4107e00291c117e038bd693faeffbb032f7
  original:
    hackage: gi-gtk-declarative-app-simple-0.6.3@sha256:2b201371acd292ef8d980be02809787293f7c30e505c84910b57e307af999cc9,1818
snapshots:
- completed:
    size: 524163
    url: https://raw.githubusercontent.com/commercialhaskell/stackage-snapshots/master/lts/14/25.yaml
    sha256: 97548b4e927a8a862d4a203687ca18a3f5d2ae75b4b72c946fb29c17df1a5082
  original: lts-14.25
