# This file was autogenerated by Stack.
# You should not edit this file by hand.
# For more information, please see the documentation at:
#   https://docs.haskellstack.org/en/stable/lock_files

packages:
- completed:
    hackage: o-clock-1.0.0.1@sha256:b58121702ffdbbedd201cc8d2377fd739d821e562511ab84d0c9e54f8435af66,4818
    pantry-tree:
      size: 1043
      sha256: 0c32cb72af87b108ea34573b88afc7d781e1624167ba38f00ef8ecb2639b7a79
  original:
    hackage: o-clock-1.0.0.1
snapshots:
- completed:
    size: 498180
    url: https://raw.githubusercontent.com/commercialhaskell/stackage-snapshots/master/lts/13/21.yaml
    sha256: eff2de19a6d4691ccbf6edc1fba858f1918683047dce0f09adede874bbd2a8f3
  original: lts-13.21
